
Microsoft Visual Studio Solution File, Format Version 12.00
# Visual Studio Version 17
VisualStudioVersion = 17.4.33213.308
MinimumVisualStudioVersion = 10.0.40219.1
Project("{9A19103F-16F7-4668-BE54-9A1E7A4F7556}") = "AGLChallenge.Blazor", "src\AGLChallenge.Blazor\AGLChallenge.Blazor.csproj", "{96BCC977-DAA0-40E6-AE2B-5A71FD34F643}"
EndProject
Project("{9A19103F-16F7-4668-BE54-9A1E7A4F7556}") = "AGLChallenge.Services.Tests", "tests\AGLChallenge.Services.Tests\AGLChallenge.Services.Tests.csproj", "{3DE0A63F-E281-4333-99C8-CBE27DF71294}"
EndProject
Global
	GlobalSection(SolutionConfigurationPlatforms) = preSolution
		Debug|Any CPU = Debug|Any CPU
		Release|Any CPU = Release|Any CPU
	EndGlobalSection
	GlobalSection(ProjectConfigurationPlatforms) = postSolution
		{96BCC977-DAA0-40E6-AE2B-5A71FD34F643}.Debug|Any CPU.ActiveCfg = Debug|Any CPU
		{96BCC977-DAA0-40E6-AE2B-5A71FD34F643}.Debug|Any CPU.Build.0 = Debug|Any CPU
		{96BCC977-DAA0-40E6-AE2B-5A71FD34F643}.Release|Any CPU.ActiveCfg = Release|Any CPU
		{96BCC977-DAA0-40E6-AE2B-5A71FD34F643}.Release|Any CPU.Build.0 = Release|Any CPU
		{3DE0A63F-E281-4333-99C8-CBE27DF71294}.Debug|Any CPU.ActiveCfg = Debug|Any CPU
		{3DE0A63F-E281-4333-99C8-CBE27DF71294}.Debug|Any CPU.Build.0 = Debug|Any CPU
		{3DE0A63F-E281-4333-99C8-CBE27DF71294}.Release|Any CPU.ActiveCfg = Release|Any CPU
		{3DE0A63F-E281-4333-99C8-CBE27DF71294}.Release|Any CPU.Build.0 = Release|Any CPU
	EndGlobalSection
	GlobalSection(SolutionProperties) = preSolution
		HideSolutionNode = FALSE
	EndGlobalSection
	GlobalSection(ExtensibilityGlobals) = postSolution
		SolutionGuid = {F386112F-11B8-4B38-A05F-9CE83F41685B}
	EndGlobalSection
EndGlobal
